version = 1
requires-python = ">=3.10"

[[package]]
name = "openenv-core"
version = "0.2.3"
source = { registry = "https://pypi.org/simple" }
sdist = { url = "https://files.pythonhosted.org/packages/93/f3/41a5ed932a2507438c985e9d959dcaa1a6c46f293995c064348c0e52dd40/openenv_core-0.2.3.tar.gz", hash = "sha256:48aefd774474556297ce012b80f2ceb271db51253d7fd0838e6e2dcc329db0c3" }
wheels = [
  { url = "https://files.pythonhosted.org/packages/2f/22/38c339e370d198008f2c17ebdda1ae8f23bb4e1509dc7ae8eab6dc9b9cbe/openenv_core-0.2.3-py3-none-any.whl", hash = "sha256:f75a20c94452057a5f53a86e6d71a9f6a461524c3d6a865aa9344d257a92b795" },
]

[[package]]
name = "study-productivity-openenv"
version = "1.0.0"
source = { virtual = "." }
dependencies = [
  { name = "openenv-core" },
]

[package.metadata]
requires-dist = [{ name = "openenv-core", specifier = ">=0.2.0" }]
